
Microsoft Visual Studio Solution File, Format Version 12.00
# Visual Studio Version 17
VisualStudioVersion = 17.0.31919.166
MinimumVisualStudioVersion = 10.0.40219.1
Project("{FAE04EC0-301F-11D3-BF4B-00C04F79EFBC}") = "Hastaneprojesi", "Hastaneprojesi\Hastaneprojesi.csproj", "{556152EF-DBDE-4F01-BA9D-F3B3C5B8125E}"
EndProject
Global
	GlobalSection(SolutionConfigurationPlatforms) = preSolution
		Debug|Any CPU = Debug|Any CPU
		Release|Any CPU = Release|Any CPU
	EndGlobalSection
	GlobalSection(ProjectConfigurationPlatforms) = postSolution
		{556152EF-DBDE-4F01-BA9D-F3B3C5B8125E}.Debug|Any CPU.ActiveCfg = Debug|Any CPU
		{556152EF-DBDE-4F01-BA9D-F3B3C5B8125E}.Debug|Any CPU.Build.0 = Debug|Any CPU
		{556152EF-DBDE-4F01-BA9D-F3B3C5B8125E}.Release|Any CPU.ActiveCfg = Release|Any CPU
		{556152EF-DBDE-4F01-BA9D-F3B3C5B8125E}.Release|Any CPU.Build.0 = Release|Any CPU
	EndGlobalSection
	GlobalSection(SolutionProperties) = preSolution
		HideSolutionNode = FALSE
	EndGlobalSection
	GlobalSection(ExtensibilityGlobals) = postSolution
		SolutionGuid = {3E070A84-215F-4C33-B5E1-3934F0E57148}
	EndGlobalSection
EndGlobal
